// !$*UTF8*$!
{
	archiveVersion = 1;
	classes = {
	};
	objectVersion = 50;
	objects = {

/* Begin PBXBuildFile section */
		84CEAE2523D5F47200D44267 /* AppDelegate.swift in Sources */ = {isa = PBXBuildFile; fileRef = 84CEAE2423D5F47200D44267 /* AppDelegate.swift */; };
		84CEAE2723D5F47200D44267 /* SceneDelegate.swift in Sources */ = {isa = PBXBuildFile; fileRef = 84CEAE2623D5F47200D44267 /* SceneDelegate.swift */; };
		84CEAE2923D5F47200D44267 /* ViewController.swift in Sources */ = {isa = PBXBuildFile; fileRef = 84CEAE2823D5F47200D44267 /* ViewController.swift */; };
		84CEAE2C23D5F47200D44267 /* Main.storyboard in Resources */ = {isa = PBXBuildFile; fileRef = 84CEAE2A23D5F47200D44267 /* Main.storyboard */; };
		84CEAE2E23D5F47400D44267 /* Assets.xcassets in Resources */ = {isa = PBXBuildFile; fileRef = 84CEAE2D23D5F47400D44267 /* Assets.xcassets */; };
		84CEAE3123D5F47400D44267 /* LaunchScreen.storyboard in Resources */ = {isa = PBXBuildFile; fileRef = 84CEAE2F23D5F47400D44267 /* LaunchScreen.storyboard */; };
		84CEAE3C23D5F47400D44267 /* How_Many_FingersTests.swift in Sources */ = {isa = PBXBuildFile; fileRef = 84CEAE3B23D5F47400D44267 /* How_Many_FingersTests.swift */; };
		84CEAE4723D5F47400D44267 /* How_Many_FingersUITests.swift in Sources */ = {isa = PBXBuildFile; fileRef = 84CEAE4623D5F47400D44267 /* How_Many_FingersUITests.swift */; };
/* End PBXBuildFile section */

/* Begin PBXContainerItemProxy section */
		84CEAE3823D5F47400D44267 /* PBXContainerItemProxy */ = {
			isa = PBXContainerItemProxy;
			containerPortal = 84CEAE1923D5F47200D44267 /* Project object */;
			proxyType = 1;
			remoteGlobalIDString = 84CEAE2023D5F47200D44267;
			remoteInfo = "How Many Fingers";
		};
		84CEAE4323D5F47400D44267 /* PBXContainerItemProxy */ = {
			isa = PBXContainerItemProxy;
			containerPortal = 84CEAE1923D5F47200D44267 /* Project object */;
			proxyType = 1;
			remoteGlobalIDString = 84CEAE2023D5F47200D44267;
			remoteInfo = "How Many Fingers";
		};
/* End PBXContainerItemProxy section */

/* Begin PBXFileReference section */
		84CEAE2123D5F47200D44267 /* How Many Fingers.app */ = {isa = PBXFileReference; explicitFileType = wrapper.application; includeInIndex = 0; path = "How Many Fingers.app"; sourceTree = BUILT_PRODUCTS_DIR; };
		84CEAE2423D5F47200D44267 /* AppDelegate.swift */ = {isa = PBXFileReference; lastKnownFileType = sourcecode.swift; path = AppDelegate.swift; sourceTree = "<group>"; };
		84CEAE2623D5F47200D44267 /* SceneDelegate.swift */ = {isa = PBXFileReference; lastKnownFileType = sourcecode.swift; path = SceneDelegate.swift; sourceTree = "<group>"; };
		84CEAE2823D5F47200D44267 /* ViewController.swift */ = {isa = PBXFileReference; lastKnownFileType = sourcecode.swift; path = ViewController.swift; sourceTree = "<group>"; };
		84CEAE2B23D5F47200D44267 /* Base */ = {isa = PBXFileReference; lastKnownFileType = file.storyboard; name = Base; path = Base.lproj/Main.storyboard; sourceTree = "<group>"; };
		84CEAE2D23D5F47400D44267 /* Assets.xcassets */ = {isa = PBXFileReference; lastKnownFileType = folder.assetcatalog; path = Assets.xcassets; sourceTree = "<group>"; };
		84CEAE3023D5F47400D44267 /* Base */ = {isa = PBXFileReference; lastKnownFileType = file.storyboard; name = Base; path = Base.lproj/LaunchScreen.storyboard; sourceTree = "<group>"; };
		84CEAE3223D5F47400D44267 /* Info.plist */ = {isa = PBXFileReference; lastKnownFileType = text.plist.xml; path = Info.plist; sourceTree = "<group>"; };
		84CEAE3723D5F47400D44267 /* How Many FingersTests.xctest */ = {isa = PBXFileReference; explicitFileType = wrapper.cfbundle; includeInIndex = 0; path = "How Many FingersTests.xctest"; sourceTree = BUILT_PRODUCTS_DIR; };
		84CEAE3B23D5F47400D44267 /* How_Many_FingersTests.swift */ = {isa = PBXFileReference; lastKnownFileType = sourcecode.swift; path = How_Many_FingersTests.swift; sourceTree = "<group>"; };
		84CEAE3D23D5F47400D44267 /* Info.plist */ = {isa = PBXFileReference; lastKnownFileType = text.plist.xml; path = Info.plist; sourceTree = "<group>"; };
		84CEAE4223D5F47400D44267 /* How Many FingersUITests.xctest */ = {isa = PBXFileReference; explicitFileType = wrapper.cfbundle; includeInIndex = 0; path = "How Many FingersUITests.xctest"; sourceTree = BUILT_PRODUCTS_DIR; };
		84CEAE4623D5F47400D44267 /* How_Many_FingersUITests.swift */ = {isa = PBXFileReference; lastKnownFileType = sourcecode.swift; path = How_Many_FingersUITests.swift; sourceTree = "<group>"; };
		84CEAE4823D5F47400D44267 /* Info.plist */ = {isa = PBXFileReference; lastKnownFileType = text.plist.xml; path = Info.plist; sourceTree = "<group>"; };
/* End PBXFileReference section */

/* Begin PBXFrameworksBuildPhase section */
		84CEAE1E23D5F47200D44267 /* Frameworks */ = {
			isa = PBXFrameworksBuildPhase;
			buildActionMask = 2147483647;
			files = (
			);
			runOnlyForDeploymentPostprocessing = 0;
		};
		84CEAE3423D5F47400D44267 /* Frameworks */ = {
			isa = PBXFrameworksBuildPhase;
			buildActionMask = 2147483647;
			files = (
			);
			runOnlyForDeploymentPostprocessing = 0;
		};
		84CEAE3F23D5F47400D44267 /* Frameworks */ = {
			isa = PBXFrameworksBuildPhase;
			buildActionMask = 2147483647;
			files = (
			);
			runOnlyForDeploymentPostprocessing = 0;
		};
/* End PBXFrameworksBuildPhase section */

/* Begin PBXGroup section */
		84CEAE1823D5F47200D44267 = {
			isa = PBXGroup;
			children = (
				84CEAE2323D5F47200D44267 /* How Many Fingers */,
				84CEAE3A23D5F47400D44267 /* How Many FingersTests */,
				84CEAE4523D5F47400D44267 /* How Many FingersUITests */,
				84CEAE2223D5F47200D44267 /* Products */,
			);
			sourceTree = "<group>";
		};
		84CEAE2223D5F47200D44267 /* Products */ = {
			isa = PBXGroup;
			children = (
				84CEAE2123D5F47200D44267 /* How Many Fingers.app */,
				84CEAE3723D5F47400D44267 /* How Many FingersTests.xctest */,
				84CEAE4223D5F47400D44267 /* How Many FingersUITests.xctest */,
			);
			name = Products;
			sourceTree = "<group>";
		};
		84CEAE2323D5F47200D44267 /* How Many Fingers */ = {
			isa = PBXGroup;
			children = (
				84CEAE2423D5F47200D44267 /* AppDelegate.swift */,
				84CEAE2623D5F47200D44267 /* SceneDelegate.swift */,
				84CEAE2823D5F47200D44267 /* ViewController.swift */,
				84CEAE2A23D5F47200D44267 /* Main.storyboard */,
				84CEAE2D23D5F47400D44267 /* Assets.xcassets */,
				84CEAE2F23D5F47400D44267 /* LaunchScreen.storyboard */,
				84CEAE3223D5F47400D44267 /* Info.plist */,
			);
			path = "How Many Fingers";
			sourceTree = "<group>";
		};
		84CEAE3A23D5F47400D44267 /* How Many FingersTests */ = {
			isa = PBXGroup;
			children = (
				84CEAE3B23D5F47400D44267 /* How_Many_FingersTests.swift */,
				84CEAE3D23D5F47400D44267 /* Info.plist */,
			);
			path = "How Many FingersTests";
			sourceTree = "<group>";
		};
		84CEAE4523D5F47400D44267 /* How Many FingersUITests */ = {
			isa = PBXGroup;
			children = (
				84CEAE4623D5F47400D44267 /* How_Many_FingersUITests.swift */,
				84CEAE4823D5F47400D44267 /* Info.plist */,
			);
			path = "How Many FingersUITests";
			sourceTree = "<group>";
		};
/* End PBXGroup section */

/* Begin PBXNativeTarget section */
		84CEAE2023D5F47200D44267 /* How Many Fingers */ = {
			isa = PBXNativeTarget;
			buildConfigurationList = 84CEAE4B23D5F47400D44267 /* Build configuration list for PBXNativeTarget "How Many Fingers" */;
			buildPhases = (
				84CEAE1D23D5F47200D44267 /* Sources */,
				84CEAE1E23D5F47200D44267 /* Frameworks */,
				84CEAE1F23D5F47200D44267 /* Resources */,
			);
			buildRules = (
			);
			dependencies = (
			);
			name = "How Many Fingers";
			productName = "How Many Fingers";
			productReference = 84CEAE2123D5F47200D44267 /* How Many Fingers.app */;
			productType = "com.apple.product-type.application";
		};
		84CEAE3623D5F47400D44267 /* How Many FingersTests */ = {
			isa = PBXNativeTarget;
			buildConfigurationList = 84CEAE4E23D5F47400D44267 /* Build configuration list for PBXNativeTarget "How Many FingersTests" */;
			buildPhases = (
				84CEAE3323D5F47400D44267 /* Sources */,
				84CEAE3423D5F47400D44267 /* Frameworks */,
				84CEAE3523D5F47400D44267 /* Resources */,
			);
			buildRules = (
			);
			dependencies = (
				84CEAE3923D5F47400D44267 /* PBXTargetDependency */,
			);
			name = "How Many FingersTests";
			productName = "How Many FingersTests";
			productReference = 84CEAE3723D5F47400D44267 /* How Many FingersTests.xctest */;
			productType = "com.apple.product-type.bundle.unit-test";
		};
		84CEAE4123D5F47400D44267 /* How Many FingersUITests */ = {
			isa = PBXNativeTarget;
			buildConfigurationList = 84CEAE5123D5F47400D44267 /* Build configuration list for PBXNativeTarget "How Many FingersUITests" */;
			buildPhases = (
				84CEAE3E23D5F47400D44267 /* Sources */,
				84CEAE3F23D5F47400D44267 /* Frameworks */,
				84CEAE4023D5F47400D44267 /* Resources */,
			);
			buildRules = (
			);
			dependencies = (
				84CEAE4423D5F47400D44267 /* PBXTargetDependency */,
			);
			name = "How Many FingersUITests";
			productName = "How Many FingersUITests";
			productReference = 84CEAE4223D5F47400D44267 /* How Many FingersUITests.xctest */;
			productType = "com.apple.product-type.bundle.ui-testing";
		};
/* End PBXNativeTarget section */

/* Begin PBXProject section */
		84CEAE1923D5F47200D44267 /* Project object */ = {
			isa = PBXProject;
			attributes = {
				LastSwiftUpdateCheck = 1130;
				LastUpgradeCheck = 1130;
				ORGANIZATIONNAME = "AM Kirsch";
				TargetAttributes = {
					84CEAE2023D5F47200D44267 = {
						CreatedOnToolsVersion = 11.3.1;
					};
					84CEAE3623D5F47400D44267 = {
						CreatedOnToolsVersion = 11.3.1;
						TestTargetID = 84CEAE2023D5F47200D44267;
					};
					84CEAE4123D5F47400D44267 = {
						CreatedOnToolsVersion = 11.3.1;
						TestTargetID = 84CEAE2023D5F47200D44267;
					};
				};
			};
			buildConfigurationList = 84CEAE1C23D5F47200D44267 /* Build configuration list for PBXProject "How Many Fingers" */;
			compatibilityVersion = "Xcode 9.3";
			developmentRegion = en;
			hasScannedForEncodings = 0;
			knownRegions = (
				en,
				Base,
			);
			mainGroup = 84CEAE1823D5F47200D44267;
			productRefGroup = 84CEAE2223D5F47200D44267 /* Products */;
			projectDirPath = "";
			projectRoot = "";
			targets = (
				84CEAE2023D5F47200D44267 /* How Many Fingers */,
				84CEAE3623D5F47400D44267 /* How Many FingersTests */,
				84CEAE4123D5F47400D44267 /* How Many FingersUITests */,
			);
		};
/* End PBXProject section */

/* Begin PBXResourcesBuildPhase section */
		84CEAE1F23D5F47200D44267 /* Resources */ = {
			isa = PBXResourcesBuildPhase;
			buildActionMask = 2147483647;
			files = (
				84CEAE3123D5F47400D44267 /* LaunchScreen.storyboard in Resources */,
				84CEAE2E23D5F47400D44267 /* Assets.xcassets in Resources */,
				84CEAE2C23D5F47200D44267 /* Main.storyboard in Resources */,
			);
			runOnlyForDeploymentPostprocessing = 0;
		};
		84CEAE3523D5F47400D44267 /* Resources */ = {
			isa = PBXResourcesBuildPhase;
			buildActionMask = 2147483647;
			files = (
			);
			runOnlyForDeploymentPostprocessing = 0;
		};
		84CEAE4023D5F47400D44267 /* Resources */ = {
			isa = PBXResourcesBuildPhase;
			buildActionMask = 2147483647;
			files = (
			);
			runOnlyForDeploymentPostprocessing = 0;
		};
/* End PBXResourcesBuildPhase section */

/* Begin PBXSourcesBuildPhase section */
		84CEAE1D23D5F47200D44267 /* Sources */ = {
			isa = PBXSourcesBuildPhase;
			buildActionMask = 2147483647;
			files = (
				84CEAE2923D5F47200D44267 /* ViewController.swift in Sources */,
				84CEAE2523D5F47200D44267 /* AppDelegate.swift in Sources */,
				84CEAE2723D5F47200D44267 /* SceneDelegate.swift in Sources */,
			);
			runOnlyForDeploymentPostprocessing = 0;
		};
		84CEAE3323D5F47400D44267 /* Sources */ = {
			isa = PBXSourcesBuildPhase;
			buildActionMask = 2147483647;
			files = (
				84CEAE3C23D5F47400D44267 /* How_Many_FingersTests.swift in Sources */,
			);
			runOnlyForDeploymentPostprocessing = 0;
		};
		84CEAE3E23D5F47400D44267 /* Sources */ = {
			isa = PBXSourcesBuildPhase;
			buildActionMask = 2147483647;
			files = (
				84CEAE4723D5F47400D44267 /* How_Many_FingersUITests.swift in Sources */,
			);
			runOnlyForDeploymentPostprocessing = 0;
		};
/* End PBXSourcesBuildPhase section */

/* Begin PBXTargetDependency section */
		84CEAE3923D5F47400D44267 /* PBXTargetDependency */ = {
			isa = PBXTargetDependency;
			target = 84CEAE2023D5F47200D44267 /* How Many Fingers */;
			targetProxy = 84CEAE3823D5F47400D44267 /* PBXContainerItemProxy */;
		};
		84CEAE4423D5F47400D44267 /* PBXTargetDependency */ = {
			isa = PBXTargetDependency;
			target = 84CEAE2023D5F47200D44267 /* How Many Fingers */;
			targetProxy = 84CEAE4323D5F47400D44267 /* PBXContainerItemProxy */;
		};
/* End PBXTargetDependency section */

/* Begin PBXVariantGroup section */
		84CEAE2A23D5F47200D44267 /* Main.storyboard */ = {
			isa = PBXVariantGroup;
			children = (
				84CEAE2B23D5F47200D44267 /* Base */,
			);
			name = Main.storyboard;
			sourceTree = "<group>";
		};
		84CEAE2F23D5F47400D44267 /* LaunchScreen.storyboard */ = {
			isa = PBXVariantGroup;
			children = (
				84CEAE3023D5F47400D44267 /* Base */,
			);
			name = LaunchScreen.storyboard;
			sourceTree = "<group>";
		};
/* End PBXVariantGroup section */

/* Begin XCBuildConfiguration section */
		84CEAE4923D5F47400D44267 /* Debug */ = {
			isa = XCBuildConfiguration;
			buildSettings = {
				ALWAYS_SEARCH_USER_PATHS = NO;
				CLANG_ANALYZER_NONNULL = YES;
				CLANG_ANALYZER_NUMBER_OBJECT_CONVERSION = YES_AGGRESSIVE;
				CLANG_CXX_LANGUAGE_STANDARD = "gnu++14";
				CLANG_CXX_LIBRARY = "libc++";
				CLANG_ENABLE_MODULES = YES;
				CLANG_ENABLE_OBJC_ARC = YES;
				CLANG_ENABLE_OBJC_WEAK = YES;
				CLANG_WARN_BLOCK_CAPTURE_AUTORELEASING = YES;
				CLANG_WARN_BOOL_CONVERSION = YES;
				CLANG_WARN_COMMA = YES;
				CLANG_WARN_CONSTANT_CONVERSION = YES;
				CLANG_WARN_DEPRECATED_OBJC_IMPLEMENTATIONS = YES;
				CLANG_WARN_DIRECT_OBJC_ISA_USAGE = YES_ERROR;
				CLANG_WARN_DOCUMENTATION_COMMENTS = YES;
				CLANG_WARN_EMPTY_BODY = YES;
				CLANG_WARN_ENUM_CONVERSION = YES;
				CLANG_WARN_INFINITE_RECURSION = YES;
				CLANG_WARN_INT_CONVERSION = YES;
				CLANG_WARN_NON_LITERAL_NULL_CONVERSION = YES;
				CLANG_WARN_OBJC_IMPLICIT_RETAIN_SELF = YES;
				CLANG_WARN_OBJC_LITERAL_CONVERSION = YES;
				CLANG_WARN_OBJC_ROOT_CLASS = YES_ERROR;
				CLANG_WARN_RANGE_LOOP_ANALYSIS = YES;
				CLANG_WARN_STRICT_PROTOTYPES = YES;
				CLANG_WARN_SUSPICIOUS_MOVE = YES;
				CLANG_WARN_UNGUARDED_AVAILABILITY = YES_AGGRESSIVE;
				CLANG_WARN_UNREACHABLE_CODE = YES;
				CLANG_WARN__DUPLICATE_METHOD_MATCH = YES;
				COPY_PHASE_STRIP = NO;
				DEBUG_INFORMATION_FORMAT = dwarf;
				ENABLE_STRICT_OBJC_MSGSEND = YES;
				ENABLE_TESTABILITY = YES;
				GCC_C_LANGUAGE_STANDARD = gnu11;
				GCC_DYNAMIC_NO_PIC = NO;
				GCC_NO_COMMON_BLOCKS = YES;
				GCC_OPTIMIZATION_LEVEL = 0;
				GCC_PREPROCESSOR_DEFINITIONS = (
					"DEBUG=1",
					"$(inherited)",
				);
				GCC_WARN_64_TO_32_BIT_CONVERSION = YES;
				GCC_WARN_ABOUT_RETURN_TYPE = YES_ERROR;
				GCC_WARN_UNDECLARED_SELECTOR = YES;
				GCC_WARN_UNINITIALIZED_AUTOS = YES_AGGRESSIVE;
				GCC_WARN_UNUSED_FUNCTION = YES;
				GCC_WARN_UNUSED_VARIABLE = YES;
				IPHONEOS_DEPLOYMENT_TARGET = 13.2;
				MTL_ENABLE_DEBUG_INFO = INCLUDE_SOURCE;
				MTL_FAST_MATH = YES;
				ONLY_ACTIVE_ARCH = YES;
				SDKROOT = iphoneos;
				SWIFT_ACTIVE_COMPILATION_CONDITIONS = DEBUG;
				SWIFT_OPTIMIZATION_LEVEL = "-Onone";
			};
			name = Debug;
		};
		84CEAE4A23D5F47400D44267 /* Release */ = {
			isa = XCBuildConfiguration;
			buildSettings = {
				ALWAYS_SEARCH_USER_PATHS = NO;
				CLANG_ANALYZER_NONNULL = YES;
				CLANG_ANALYZER_NUMBER_OBJECT_CONVERSION = YES_AGGRESSIVE;
				CLANG_CXX_LANGUAGE_STANDARD = "gnu++14";
				CLANG_CXX_LIBRARY = "libc++";
				CLANG_ENABLE_MODULES = YES;
				CLANG_ENABLE_OBJC_ARC = YES;
				CLANG_ENABLE_OBJC_WEAK = YES;
				CLANG_WARN_BLOCK_CAPTURE_AUTORELEASING = YES;
				CLANG_WARN_BOOL_CONVERSION = YES;
				CLANG_WARN_COMMA = YES;
				CLANG_WARN_CONSTANT_CONVERSION = YES;
				CLANG_WARN_DEPRECATED_OBJC_IMPLEMENTATIONS = YES;
				CLANG_WARN_DIRECT_OBJC_ISA_USAGE = YES_ERROR;
				CLANG_WARN_DOCUMENTATION_COMMENTS = YES;
				CLANG_WARN_EMPTY_BODY = YES;
				CLANG_WARN_ENUM_CONVERSION = YES;
				CLANG_WARN_INFINITE_RECURSION = YES;
				CLANG_WARN_INT_CONVERSION = YES;
				CLANG_WARN_NON_LITERAL_NULL_CONVERSION = YES;
				CLANG_WARN_OBJC_IMPLICIT_RETAIN_SELF = YES;
				CLANG_WARN_OBJC_LITERAL_CONVERSION = YES;
				CLANG_WARN_OBJC_ROOT_CLASS = YES_ERROR;
				CLANG_WARN_RANGE_LOOP_ANALYSIS = YES;
				CLANG_WARN_STRICT_PROTOTYPES = YES;
				CLANG_WARN_SUSPICIOUS_MOVE = YES;
				CLANG_WARN_UNGUARDED_AVAILABILITY = YES_AGGRESSIVE;
				CLANG_WARN_UNREACHABLE_CODE = YES;
				CLANG_WARN__DUPLICATE_METHOD_MATCH = YES;
				COPY_PHASE_STRIP = NO;
				DEBUG_INFORMATION_FORMAT = "dwarf-with-dsym";
				ENABLE_NS_ASSERTIONS = NO;
				ENABLE_STRICT_OBJC_MSGSEND = YES;
				GCC_C_LANGUAGE_STANDARD = gnu11;
				GCC_NO_COMMON_BLOCKS = YES;
				GCC_WARN_64_TO_32_BIT_CONVERSION = YES;
				GCC_WARN_ABOUT_RETURN_TYPE = YES_ERROR;
				GCC_WARN_UNDECLARED_SELECTOR = YES;
				GCC_WARN_UNINITIALIZED_AUTOS = YES_AGGRESSIVE;
				GCC_WARN_UNUSED_FUNCTION = YES;
				GCC_WARN_UNUSED_VARIABLE = YES;
				IPHONEOS_DEPLOYMENT_TARGET = 13.2;
				MTL_ENABLE_DEBUG_INFO = NO;
				MTL_FAST_MATH = YES;
				SDKROOT = iphoneos;
				SWIFT_COMPILATION_MODE = wholemodule;
				SWIFT_OPTIMIZATION_LEVEL = "-O";
				VALIDATE_PRODUCT = YES;
			};
			name = Release;
		};
		84CEAE4C23D5F47400D44267 /* Debug */ = {
			isa = XCBuildConfiguration;
			buildSettings = {
				ASSETCATALOG_COMPILER_APPICON_NAME = AppIcon;
				CODE_SIGN_STYLE = Automatic;
				INFOPLIST_FILE = "How Many Fingers/Info.plist";
				LD_RUNPATH_SEARCH_PATHS = (
					"$(inherited)",
					"@executable_path/Frameworks",
				);
				PRODUCT_BUNDLE_IDENTIFIER = "com.amkirsch.How-Many-Fingers";
				PRODUCT_NAME = "$(TARGET_NAME)";
				SWIFT_VERSION = 5.0;
				TARGETED_DEVICE_FAMILY = "1,2";
			};
			name = Debug;
		};
		84CEAE4D23D5F47400D44267 /* Release */ = {
			isa = XCBuildConfiguration;
			buildSettings = {
				ASSETCATALOG_COMPILER_APPICON_NAME = AppIcon;
				CODE_SIGN_STYLE = Automatic;
				INFOPLIST_FILE = "How Many Fingers/Info.plist";
				LD_RUNPATH_SEARCH_PATHS = (
					"$(inherited)",
					"@executable_path/Frameworks",
				);
				PRODUCT_BUNDLE_IDENTIFIER = "com.amkirsch.How-Many-Fingers";
				PRODUCT_NAME = "$(TARGET_NAME)";
				SWIFT_VERSION = 5.0;
				TARGETED_DEVICE_FAMILY = "1,2";
			};
			name = Release;
		};
		84CEAE4F23D5F47400D44267 /* Debug */ = {
			isa = XCBuildConfiguration;
			buildSettings = {
				ALWAYS_EMBED_SWIFT_STANDARD_LIBRARIES = YES;
				BUNDLE_LOADER = "$(TEST_HOST)";
				CODE_SIGN_STYLE = Automatic;
				INFOPLIST_FILE = "How Many FingersTests/Info.plist";
				IPHONEOS_DEPLOYMENT_TARGET = 13.2;
				LD_RUNPATH_SEARCH_PATHS = (
					"$(inherited)",
					"@executable_path/Frameworks",
					"@loader_path/Frameworks",
				);
				PRODUCT_BUNDLE_IDENTIFIER = "com.amkirsch.How-Many-FingersTests";
				PRODUCT_NAME = "$(TARGET_NAME)";
				SWIFT_VERSION = 5.0;
				TARGETED_DEVICE_FAMILY = "1,2";
				TEST_HOST = "$(BUILT_PRODUCTS_DIR)/How Many Fingers.app/How Many Fingers";
			};
			name = Debug;
		};
		84CEAE5023D5F47400D44267 /* Release */ = {
			isa = XCBuildConfiguration;
			buildSettings = {
				ALWAYS_EMBED_SWIFT_STANDARD_LIBRARIES = YES;
				BUNDLE_LOADER = "$(TEST_HOST)";
				CODE_SIGN_STYLE = Automatic;
				INFOPLIST_FILE = "How Many FingersTests/Info.plist";
				IPHONEOS_DEPLOYMENT_TARGET = 13.2;
				LD_RUNPATH_SEARCH_PATHS = (
					"$(inherited)",
					"@executable_path/Frameworks",
					"@loader_path/Frameworks",
				);
				PRODUCT_BUNDLE_IDENTIFIER = "com.amkirsch.How-Many-FingersTests";
				PRODUCT_NAME = "$(TARGET_NAME)";
				SWIFT_VERSION = 5.0;
				TARGETED_DEVICE_FAMILY = "1,2";
				TEST_HOST = "$(BUILT_PRODUCTS_DIR)/How Many Fingers.app/How Many Fingers";
			};
			name = Release;
		};
		84CEAE5223D5F47400D44267 /* Debug */ = {
			isa = XCBuildConfiguration;
			buildSettings = {
				ALWAYS_EMBED_SWIFT_STANDARD_LIBRARIES = YES;
				CODE_SIGN_STYLE = Automatic;
				INFOPLIST_FILE = "How Many FingersUITests/Info.plist";
				LD_RUNPATH_SEARCH_PATHS = (
					"$(inherited)",
					"@executable_path/Frameworks",
					"@loader_path/Frameworks",
				);
				PRODUCT_BUNDLE_IDENTIFIER = "com.amkirsch.How-Many-FingersUITests";
				PRODUCT_NAME = "$(TARGET_NAME)";
				SWIFT_VERSION = 5.0;
				TARGETED_DEVICE_FAMILY = "1,2";
				TEST_TARGET_NAME = "How Many Fingers";
			};
			name = Debug;
		};
		84CEAE5323D5F47400D44267 /* Release */ = {
			isa = XCBuildConfiguration;
			buildSettings = {
				ALWAYS_EMBED_SWIFT_STANDARD_LIBRARIES = YES;
				CODE_SIGN_STYLE = Automatic;
				INFOPLIST_FILE = "How Many FingersUITests/Info.plist";
				LD_RUNPATH_SEARCH_PATHS = (
					"$(inherited)",
					"@executable_path/Frameworks",
					"@loader_path/Frameworks",
				);
				PRODUCT_BUNDLE_IDENTIFIER = "com.amkirsch.How-Many-FingersUITests";
				PRODUCT_NAME = "$(TARGET_NAME)";
				SWIFT_VERSION = 5.0;
				TARGETED_DEVICE_FAMILY = "1,2";
				TEST_TARGET_NAME = "How Many Fingers";
			};
			name = Release;
		};
/* End XCBuildConfiguration section */

/* Begin XCConfigurationList section */
		84CEAE1C23D5F47200D44267 /* Build configuration list for PBXProject "How Many Fingers" */ = {
			isa = XCConfigurationList;
			buildConfigurations = (
				84CEAE4923D5F47400D44267 /* Debug */,
				84CEAE4A23D5F47400D44267 /* Release */,
			);
			defaultConfigurationIsVisible = 0;
			defaultConfigurationName = Release;
		};
		84CEAE4B23D5F47400D44267 /* Build configuration list for PBXNativeTarget "How Many Fingers" */ = {
			isa = XCConfigurationList;
			buildConfigurations = (
				84CEAE4C23D5F47400D44267 /* Debug */,
				84CEAE4D23D5F47400D44267 /* Release */,
			);
			defaultConfigurationIsVisible = 0;
			defaultConfigurationName = Release;
		};
		84CEAE4E23D5F47400D44267 /* Build configuration list for PBXNativeTarget "How Many FingersTests" */ = {
			isa = XCConfigurationList;
			buildConfigurations = (
				84CEAE4F23D5F47400D44267 /* Debug */,
				84CEAE5023D5F47400D44267 /* Release */,
			);
			defaultConfigurationIsVisible = 0;
			defaultConfigurationName = Release;
		};
		84CEAE5123D5F47400D44267 /* Build configuration list for PBXNativeTarget "How Many FingersUITests" */ = {
			isa = XCConfigurationList;
			buildConfigurations = (
				84CEAE5223D5F47400D44267 /* Debug */,
				84CEAE5323D5F47400D44267 /* Release */,
			);
			defaultConfigurationIsVisible = 0;
			defaultConfigurationName = Release;
		};
/* End XCConfigurationList section */
	};
	rootObject = 84CEAE1923D5F47200D44267 /* Project object */;
}
